schema: '2.0'
stages:
  lineage:
    cmd: uv run python -m src.lineage.run_lineage
    deps:
    - path: data/raw/student_performance.csv
      hash: md5
      md5: 4a0ff1e630a0b2f942d559911dcb1aca
      size: 100291
    - path: src/lineage/contracts.py
      hash: md5
      md5: 7c0c15f855959e6a584a0faf3ed5c52d
      size: 2776
    - path: src/lineage/run_lineage.py
      hash: md5
      md5: fe20a64a0c9264c925350dc8b11ae1f0
      size: 986
    outs:
    - path: data/intermediate
      hash: md5
      md5: a702be5b8840a3ebdaa7741684587be6.dir
      size: 38278
      nfiles: 1
    - path: data/marts
      hash: md5
      md5: 4869d75f1463230762304c0fb4a75cbf.dir
      size: 51520
      nfiles: 2
    - path: data/staging
      hash: md5
      md5: b3247437e1a343b17aaa8e6d23e1d826.dir
      size: 37244
      nfiles: 1
  feature_store:
    cmd: uv run python -m src.feature_store
    deps:
    - path: data/marts
      hash: md5
      md5: 4869d75f1463230762304c0fb4a75cbf.dir
      size: 51520
      nfiles: 2
    - path: src/feature_store.py
      hash: md5
      md5: c4ee571d67cf7f83eb6ee2c502a0b807
      size: 4636
    outs:
    - path: data/feature_store
      hash: md5
      md5: b7afb401a6692374323bd849c1248a7c.dir
      size: 84239
      nfiles: 6
  automl_benchmark:
    cmd: uv run python -m src.automl_benchmark --flaml-budget 60
    deps:
    - path: data/feature_store
      hash: md5
      md5: b7afb401a6692374323bd849c1248a7c.dir
      size: 84239
      nfiles: 6
    - path: src/automl_benchmark.py
      hash: md5
      md5: 3016469e57a482c25036a8d7a81533c5
      size: 11180
    - path: src/mlflow_utils.py
      hash: md5
      md5: 961c8dd23baee76fb5501a4f39907359
      size: 3214
    params:
      params.yaml:
        automl.flaml_budget: 60
    outs:
    - path: models/best_model.pkl
      hash: md5
      md5: a23fd34a9cfd001c3007d1ebfba88b61
      size: 725455
    - path: models/model_metadata.json
      hash: md5
      md5: dd3f7204232a49e5109f76a74176735b
      size: 1674
    - path: reports/automl
      hash: md5
      md5: c1f388ec07650cfff7754b90d81c29c7.dir
      size: 23112
      nfiles: 2
  monitoring_evidently:
    cmd: uv run python -m src.monitoring_evidently
    deps:
    - path: data/processed/test.csv
      hash: md5
      md5: 924da01db3626605be320ba3e96641ba
      size: 14579
    - path: data/processed/test_modified.csv
      hash: md5
      md5: ca46d6af00285ccbea32875ca857ee34
      size: 15390
    - path: models/best_model.pkl
      hash: md5
      md5: a23fd34a9cfd001c3007d1ebfba88b61
      size: 725455
    - path: src/monitoring_evidently.py
      hash: md5
      md5: 5dbb455e9c0bf04f48d7fd7c79c21fdb
      size: 3752
    outs:
    - path: reports/monitoring/evidently_report.html
      hash: md5
      md5: 4f50186befc22934fde52e27e094ddea
      size: 4209185
  preprocessing:
    cmd: uv run python -m src.preprocessing
    deps:
    - path: data/raw/student_performance.csv
      hash: md5
      md5: 4a0ff1e630a0b2f942d559911dcb1aca
      size: 100291
    - path: src/config.py
      hash: md5
      md5: 1c3a2f481fc50b484252491e798063f8
      size: 5353
    - path: src/preprocessing.py
      hash: md5
      md5: 3a4cd2dc5cdd7de29b0801438881dd34
      size: 2167
    outs:
    - path: data/processed/test.csv
      hash: md5
      md5: 924da01db3626605be320ba3e96641ba
      size: 14579
    - path: data/processed/train.csv
      hash: md5
      md5: 523449771bb7760edc31d311d3c52592
      size: 57616
  experiment:
    cmd: uv run python -m src.experiment
    deps:
    - path: data/feature_store
      hash: md5
      md5: b7afb401a6692374323bd849c1248a7c.dir
      size: 84239
      nfiles: 6
    - path: src/experiment.py
      hash: md5
      md5: 3dab588a795c378c1be0c9f55f5d8924
      size: 3323
    - path: src/mlflow_utils.py
      hash: md5
      md5: 961c8dd23baee76fb5501a4f39907359
      size: 3214
    outs:
    - path: reports/experiments
      hash: md5
      md5: 6dabca2b7188eb3c6036d9b0b7ee8b7d.dir
      size: 1656
      nfiles: 1
  evaluate:
    cmd: uv run python -m src.evaluate
    deps:
    - path: data/processed/test.csv
      hash: md5
      md5: 924da01db3626605be320ba3e96641ba
      size: 14579
    - path: models/best_model.pkl
      hash: md5
      md5: a23fd34a9cfd001c3007d1ebfba88b61
      size: 725455
    - path: src/evaluate.py
      hash: md5
      md5: 94e92cd83f69dac067eb48c7787a6cdb
      size: 2595
    outs:
    - path: reports/eval_original.json
      hash: md5
      md5: b64fce9b6d08c2705ddded6aef02fdd6
      size: 146
  make_modified_test:
    cmd: uv run python -m src.make_modified_test
    deps:
    - path: data/processed/test.csv
      hash: md5
      md5: 924da01db3626605be320ba3e96641ba
      size: 14579
    - path: src/config.py
      hash: md5
      md5: 1c3a2f481fc50b484252491e798063f8
      size: 5353
    - path: src/make_modified_test.py
      hash: md5
      md5: 57d5dd43960b56caf2bdd5e323e02cb9
      size: 1839
    outs:
    - path: data/processed/test_modified.csv
      hash: md5
      md5: ca46d6af00285ccbea32875ca857ee34
      size: 15390
  batch_inference:
    cmd: uv run python -m src.batch_inference
    deps:
    - path: data/processed/test.csv
      hash: md5
      md5: 924da01db3626605be320ba3e96641ba
      size: 14579
    - path: data/processed/test_modified.csv
      hash: md5
      md5: ca46d6af00285ccbea32875ca857ee34
      size: 15390
    - path: models/best_model.pkl
      hash: md5
      md5: a23fd34a9cfd001c3007d1ebfba88b61
      size: 725455
    - path: src/batch_inference.py
      hash: md5
      md5: de5ec6c57539214c14953b7770530c2a
      size: 3426
    outs:
    - path: reports/metrics_comparison.json
      hash: md5
      md5: af796220c1f4ce5e1762e78e552c3966
      size: 488
    - path: reports/predictions_comparison.csv
      hash: md5
      md5: 97f60c89e06ce9d37fc72e5390854179
      size: 6573
  monitoring:
    cmd: uv run python -m src.monitoring
    deps:
    - path: data/processed/test.csv
      hash: md5
      md5: 924da01db3626605be320ba3e96641ba
      size: 14579
    - path: data/processed/test_modified.csv
      hash: md5
      md5: ca46d6af00285ccbea32875ca857ee34
      size: 15390
    - path: models/best_model.pkl
      hash: md5
      md5: a23fd34a9cfd001c3007d1ebfba88b61
      size: 725455
    - path: src/monitoring.py
      hash: md5
      md5: 4fb8816ed9e4c041a47d46a4629c628d
      size: 4719
    outs:
    - path: reports/monitoring/drift_report.json
      hash: md5
      md5: b37147f35edb17f0781d50506764ce1d
      size: 1758
  eda:
    cmd: uv run python -m src.eda
    deps:
    - path: data/raw/student_performance.csv
      hash: md5
      md5: 4a0ff1e630a0b2f942d559911dcb1aca
      size: 100291
    - path: src/config.py
      hash: md5
      md5: 1c3a2f481fc50b484252491e798063f8
      size: 5353
    - path: src/eda.py
      hash: md5
      md5: 704acd1bc5f61a06d23bdd15aeb04b8d
      size: 9426
    outs:
    - path: reports/figures
      hash: md5
      md5: e107d69fe91c6f9a5052b2329cf155c0.dir
      size: 472782
      nfiles: 11
