schema: '2.0'
stages:
  lineage:
    cmd: uv run python -m src.lineage.run_lineage
    deps:
    - path: data/raw/student_performance.csv
      hash: md5
      md5: 4a0ff1e630a0b2f942d559911dcb1aca
      size: 100291
    - path: src/lineage/contracts.py
      hash: md5
      md5: dba599d52b900d6c3c29172f13523351
      size: 2775
    - path: src/lineage/run_lineage.py
      hash: md5
      md5: d4283d1217f8614130147e682a34e70b
      size: 985
    outs:
    - path: data/intermediate
      hash: md5
      md5: a702be5b8840a3ebdaa7741684587be6.dir
      size: 38278
      nfiles: 1
    - path: data/marts
      hash: md5
      md5: 4869d75f1463230762304c0fb4a75cbf.dir
      size: 51520
      nfiles: 2
    - path: data/staging
      hash: md5
      md5: b3247437e1a343b17aaa8e6d23e1d826.dir
      size: 37244
      nfiles: 1
  feature_store:
    cmd: uv run python -m src.feature_store
    deps:
    - path: data/marts
      hash: md5
      md5: 4869d75f1463230762304c0fb4a75cbf.dir
      size: 51520
      nfiles: 2
    - path: src/feature_store.py
      hash: md5
      md5: fc0d5833424e9da4502fcf1ff5d22d39
      size: 4667
    outs:
    - path: data/feature_store
      hash: md5
      md5: b7afb401a6692374323bd849c1248a7c.dir
      size: 84239
      nfiles: 6
  automl_benchmark:
    cmd: uv run python -m src.automl_benchmark --flaml-budget 60
    deps:
    - path: data/feature_store
      hash: md5
      md5: b7afb401a6692374323bd849c1248a7c.dir
      size: 84239
      nfiles: 6
    - path: src/automl_benchmark.py
      hash: md5
      md5: 812e87598e956805db583a2f31d8c64b
      size: 12115
    - path: src/mlflow_utils.py
      hash: md5
      md5: bd9a4f1ae7d6ebab08f1f0d891c13ada
      size: 3263
    params:
      params.yaml:
        automl.flaml_budget: 60
    outs:
    - path: models/best_model.pkl
      hash: md5
      md5: b22b23f9c9157408af64e376e7382fc3
      size: 391858
    - path: models/model_metadata.json
      hash: md5
      md5: c7c6df9bf1fcf0768e90eb9e172c3250
      size: 634
    - path: reports/automl
      hash: md5
      md5: 7ae35503a3b4f8bff069bf43d1eb73e5.dir
      size: 18908
      nfiles: 2
  monitoring_evidently:
    cmd: uv run python -m src.monitoring_evidently
    deps:
    - path: data/processed/test.csv
      hash: md5
      md5: 924da01db3626605be320ba3e96641ba
      size: 14579
    - path: data/processed/test_modified.csv
      hash: md5
      md5: ca46d6af00285ccbea32875ca857ee34
      size: 15390
    - path: models/best_model.pkl
      hash: md5
      md5: b22b23f9c9157408af64e376e7382fc3
      size: 391858
    - path: src/monitoring_evidently.py
      hash: md5
      md5: 3eafb0604ed03837eb9f4fe183d8b929
      size: 3773
    outs:
    - path: reports/monitoring/evidently_report.html
      hash: md5
      md5: 8181bfb2d5d9fdbfb6edc9de0c791f09
      size: 4209985
  preprocessing:
    cmd: uv run python -m src.preprocessing
    deps:
    - path: data/raw/student_performance.csv
      hash: md5
      md5: 4a0ff1e630a0b2f942d559911dcb1aca
      size: 100291
    - path: src/config.py
      hash: md5
      md5: 62709d177e10f2d4dfb327661a167baf
      size: 5307
    - path: src/preprocessing.py
      hash: md5
      md5: 41e5d109abde558db953a25ea843482e
      size: 2166
    outs:
    - path: data/processed/test.csv
      hash: md5
      md5: 924da01db3626605be320ba3e96641ba
      size: 14579
    - path: data/processed/train.csv
      hash: md5
      md5: 523449771bb7760edc31d311d3c52592
      size: 57616
  experiment:
    cmd: uv run python -m src.experiment
    deps:
    - path: data/feature_store
      hash: md5
      md5: b7afb401a6692374323bd849c1248a7c.dir
      size: 84239
      nfiles: 6
    - path: src/experiment.py
      hash: md5
      md5: 43074b263c450db7962701c72df0aa09
      size: 3374
    - path: src/mlflow_utils.py
      hash: md5
      md5: bd9a4f1ae7d6ebab08f1f0d891c13ada
      size: 3263
    outs:
    - path: reports/experiments
      hash: md5
      md5: 23000f9c43515b0f40341640bffb4d32.dir
      size: 1656
      nfiles: 1
  evaluate:
    cmd: uv run python -m src.evaluate
    deps:
    - path: data/processed/test.csv
      hash: md5
      md5: 924da01db3626605be320ba3e96641ba
      size: 14579
    - path: models/best_model.pkl
      hash: md5
      md5: b22b23f9c9157408af64e376e7382fc3
      size: 391858
    - path: src/evaluate.py
      hash: md5
      md5: 51b4fa5baeca7eafa8095d34cf28dbd7
      size: 2579
    outs:
    - path: reports/eval_original.json
      hash: md5
      md5: f8aff8d241ce590b1a7783b17e825074
      size: 146
  make_modified_test:
    cmd: uv run python -m src.make_modified_test
    deps:
    - path: data/processed/test.csv
      hash: md5
      md5: 924da01db3626605be320ba3e96641ba
      size: 14579
    - path: src/config.py
      hash: md5
      md5: 62709d177e10f2d4dfb327661a167baf
      size: 5307
    - path: src/make_modified_test.py
      hash: md5
      md5: e13ceae0568543486d8cd9336356d4ab
      size: 1838
    outs:
    - path: data/processed/test_modified.csv
      hash: md5
      md5: ca46d6af00285ccbea32875ca857ee34
      size: 15390
  batch_inference:
    cmd: uv run python -m src.batch_inference
    deps:
    - path: data/processed/test.csv
      hash: md5
      md5: 924da01db3626605be320ba3e96641ba
      size: 14579
    - path: data/processed/test_modified.csv
      hash: md5
      md5: ca46d6af00285ccbea32875ca857ee34
      size: 15390
    - path: models/best_model.pkl
      hash: md5
      md5: b22b23f9c9157408af64e376e7382fc3
      size: 391858
    - path: src/batch_inference.py
      hash: md5
      md5: e1f076a2c069344cbc031640fa86eb80
      size: 3357
    outs:
    - path: reports/metrics_comparison.json
      hash: md5
      md5: 813c7e356559eab2bdd38190b11a4a8d
      size: 489
    - path: reports/predictions_comparison.csv
      hash: md5
      md5: 493e9b602207b319e9b68d3f74f3e492
      size: 6550
  monitoring:
    cmd: uv run python -m src.monitoring
    deps:
    - path: data/processed/test.csv
      hash: md5
      md5: 924da01db3626605be320ba3e96641ba
      size: 14579
    - path: data/processed/test_modified.csv
      hash: md5
      md5: ca46d6af00285ccbea32875ca857ee34
      size: 15390
    - path: models/best_model.pkl
      hash: md5
      md5: b22b23f9c9157408af64e376e7382fc3
      size: 391858
    - path: src/monitoring.py
      hash: md5
      md5: 451c5992d64f0e4e2f599c78f3868aa6
      size: 4762
    outs:
    - path: reports/monitoring/drift_report.json
      hash: md5
      md5: 7be814a961b988066e9dc240cd531d3f
      size: 1757
